<?xml version="1.0" encoding="utf-8"?>
<Project ToolsVersion="4.0" xmlns="http://schemas.microsoft.com/developer/msbuild/2003">
  <ItemGroup>
    <Filter Include="Imgui">
      <UniqueIdentifier>{6e1c3fe0-7b4e-4ddc-b0af-ef2565509bab}</UniqueIdentifier>
    </Filter>
    <Filter Include="Json">
      <UniqueIdentifier>{24604dbf-d26d-4752-9537-7815e59a2e32}</UniqueIdentifier>
    </Filter>
    <Filter Include="Source Files">
      <UniqueIdentifier>{4FC737F1-C7A5-4376-A066-2A32D752A2FF}</UniqueIdentifier>
      <Extensions>cpp;c;cc;cxx;c++;def;odl;idl;hpj;bat;asm;asmx</Extensions>
    </Filter>
    <Filter Include="Source Files\SDK">
      <UniqueIdentifier>{e168d0f0-d453-47c1-867e-8e15f16f1918}</UniqueIdentifier>
    </Filter>
    <Filter Include="Source Files\Skins">
      <UniqueIdentifier>{d978207e-684f-4e9b-a516-3a1bdf6da43a}</UniqueIdentifier>
    </Filter>
    <Filter Include="Source Files\Utils">
      <UniqueIdentifier>{908bf81e-18df-417d-bcd9-8e3458213e73}</UniqueIdentifier>
    </Filter>
    <Filter Include="Source Files\Offsets">
      <UniqueIdentifier>{6df88be6-4732-4c12-ab2a-b0e38f717525}</UniqueIdentifier>
    </Filter>
    <Filter Include="Source Files\Memory">
      <UniqueIdentifier>{fb0c6058-a093-4f26-bc23-dd4f3d31e4c3}</UniqueIdentifier>
    </Filter>
    <Filter Include="Source Files\Hooks">
      <UniqueIdentifier>{6b382e58-2f4f-42a8-8d19-ea492ca17eb7}</UniqueIdentifier>
    </Filter>
    <Filter Include="Source Files\GUI">
      <UniqueIdentifier>{4c536b17-7ff4-4861-9586-0981e0bd981b}</UniqueIdentifier>
    </Filter>
    <Filter Include="Source Files\Config">
      <UniqueIdentifier>{a2d7fdd0-5331-4fcc-95c6-864f9d9d19bf}</UniqueIdentifier>
    </Filter>
  </ItemGroup>
  <ItemGroup>
    <ClCompile Include="R3nzSkin.cpp" />
    <ClCompile Include="SkinDatabase.cpp">
      <Filter>Source Files\Skins</Filter>
    </ClCompile>
    <ClCompile Include="GUI.cpp">
      <Filter>Source Files\GUI</Filter>
    </ClCompile>
    <ClCompile Include="Memory.cpp">
      <Filter>Source Files\Memory</Filter>
    </ClCompile>
    <ClCompile Include="Hooks.cpp">
      <Filter>Source Files\Hooks</Filter>
    </ClCompile>
    <ClCompile Include="imgui\imgui.cpp">
      <Filter>Imgui</Filter>
    </ClCompile>
    <ClCompile Include="imgui\imgui_demo.cpp">
      <Filter>Imgui</Filter>
    </ClCompile>
    <ClCompile Include="imgui\imgui_draw.cpp">
      <Filter>Imgui</Filter>
    </ClCompile>
    <ClCompile Include="imgui\imgui_impl_dx9.cpp">
      <Filter>Imgui</Filter>
    </ClCompile>
    <ClCompile Include="imgui\imgui_impl_dx11.cpp">
      <Filter>Imgui</Filter>
    </ClCompile>
    <ClCompile Include="imgui\imgui_impl_win32.cpp">
      <Filter>Imgui</Filter>
    </ClCompile>
    <ClCompile Include="imgui\imgui_tables.cpp">
      <Filter>Imgui</Filter>
    </ClCompile>
    <ClCompile Include="imgui\imgui_widgets.cpp">
      <Filter>Imgui</Filter>
    </ClCompile>
    <ClCompile Include="Config.cpp">
      <Filter>Source Files\Config</Filter>
    </ClCompile>
    <ClCompile Include="Utils.cpp">
      <Filter>Source Files\Utils</Filter>
    </ClCompile>
    <ClCompile Include="SDK\CharacterDataStack.cpp">
      <Filter>Source Files\SDK</Filter>
    </ClCompile>
    <ClCompile Include="SDK\AIBaseCommon.cpp">
      <Filter>Source Files\SDK</Filter>
    </ClCompile>
    <ClCompile Include="SDK\AIMinionClient.cpp">
      <Filter>Source Files\SDK</Filter>
    </ClCompile>
  </ItemGroup>
  <ItemGroup>
    <ClInclude Include="SkinDatabase.hpp">
      <Filter>Source Files\Skins</Filter>
    </ClInclude>
    <ClInclude Include="fnv_hash.hpp">
      <Filter>Source Files\Utils</Filter>
    </ClInclude>
    <ClInclude Include="vmt_smart_hook.hpp">
      <Filter>Source Files\Utils</Filter>
    </ClInclude>
    <ClInclude Include="Offsets.hpp">
      <Filter>Source Files\Offsets</Filter>
    </ClInclude>
    <ClInclude Include="GUI.hpp">
      <Filter>Source Files\GUI</Filter>
    </ClInclude>
    <ClInclude Include="Memory.hpp">
      <Filter>Source Files\Memory</Filter>
    </ClInclude>
    <ClInclude Include="Hooks.hpp">
      <Filter>Source Files\Hooks</Filter>
    </ClInclude>
    <ClInclude Include="resource.h" />
    <ClInclude Include="imgui\imconfig.h">
      <Filter>Imgui</Filter>
    </ClInclude>
    <ClInclude Include="imgui\imgui.h">
      <Filter>Imgui</Filter>
    </ClInclude>
    <ClInclude Include="imgui\imgui_impl_dx9.h">
      <Filter>Imgui</Filter>
    </ClInclude>
    <ClInclude Include="imgui\imgui_impl_dx11.h">
      <Filter>Imgui</Filter>
    </ClInclude>
    <ClInclude Include="imgui\imgui_impl_win32.h">
      <Filter>Imgui</Filter>
    </ClInclude>
    <ClInclude Include="imgui\imgui_internal.h">
      <Filter>Imgui</Filter>
    </ClInclude>
    <ClInclude Include="imgui\imstb_rectpack.h">
      <Filter>Imgui</Filter>
    </ClInclude>
    <ClInclude Include="imgui\imstb_textedit.h">
      <Filter>Imgui</Filter>
    </ClInclude>
    <ClInclude Include="imgui\imstb_truetype.h">
      <Filter>Imgui</Filter>
    </ClInclude>
    <ClInclude Include="json\json.hpp">
      <Filter>Json</Filter>
    </ClInclude>
    <ClInclude Include="Config.hpp">
      <Filter>Source Files\Config</Filter>
    </ClInclude>
    <ClInclude Include="Utils.hpp">
      <Filter>Source Files\Utils</Filter>
    </ClInclude>
    <ClInclude Include="SDK\GameState.hpp">
      <Filter>Source Files\SDK</Filter>
    </ClInclude>
    <ClInclude Include="SDK\GameClient.hpp">
      <Filter>Source Files\SDK</Filter>
    </ClInclude>
    <ClInclude Include="SDK\AString.hpp">
      <Filter>Source Files\SDK</Filter>
    </ClInclude>
    <ClInclude Include="SDK\Pad.hpp">
      <Filter>Source Files\SDK</Filter>
    </ClInclude>
    <ClInclude Include="SDK\Skin.hpp">
      <Filter>Source Files\SDK</Filter>
    </ClInclude>
    <ClInclude Include="SDK\Champion.hpp">
      <Filter>Source Files\SDK</Filter>
    </ClInclude>
    <ClInclude Include="SDK\ChampionManager.hpp">
      <Filter>Source Files\SDK</Filter>
    </ClInclude>
    <ClInclude Include="SDK\CharacterStackData.hpp">
      <Filter>Source Files\SDK</Filter>
    </ClInclude>
    <ClInclude Include="SDK\CharacterDataStack.hpp">
      <Filter>Source Files\SDK</Filter>
    </ClInclude>
    <ClInclude Include="SDK\GameObject.hpp">
      <Filter>Source Files\SDK</Filter>
    </ClInclude>
    <ClInclude Include="SDK\AIBaseCommon.hpp">
      <Filter>Source Files\SDK</Filter>
    </ClInclude>
    <ClInclude Include="SDK\AIHero.hpp">
      <Filter>Source Files\SDK</Filter>
    </ClInclude>
    <ClInclude Include="SDK\AIMinionClient.hpp">
      <Filter>Source Files\SDK</Filter>
    </ClInclude>
    <ClInclude Include="SDK\ManagerTemplate.hpp">
      <Filter>Source Files\SDK</Filter>
    </ClInclude>
    <ClInclude Include="Encryption.hpp">
      <Filter>Source Files\SDK</Filter>
    </ClInclude>
    <ClInclude Include="CheatManager.hpp" />
    <ClInclude Include="SDK\RiotArray.hpp">
      <Filter>Source Files\SDK</Filter>
    </ClInclude>
    <ClInclude Include="SDK\AITurret.hpp">
      <Filter>Source Files\SDK</Filter>
    </ClInclude>
    <ClInclude Include="Logger.hpp">
      <Filter>Source Files\Utils</Filter>
    </ClInclude>
  </ItemGroup>
  <ItemGroup>
    <ResourceCompile Include="R3nzSkin.rc" />
  </ItemGroup>
</Project>